PODS:
  - Brightcove-Player-Core/XCFramework (6.10.5)

DEPENDENCIES:
  - Brightcove-Player-Core/XCFramework

SPEC REPOS:
  https://github.com/brightcove/BrightcoveSpecs.git:
    - Brightcove-Player-Core

SPEC CHECKSUMS:
  Brightcove-Player-Core: a68edd391a7bfadcfd6e1ff85072c47c554cc880

PODFILE CHECKSUM: 3603ec736f026ace0ec80ec534a8f8f4e8e16f93

COCOAPODS: 1.11.2
