// !$*UTF8*$!
{
	archiveVersion = 1;
	classes = {
	};
	objectVersion = 55;
	objects = {

/* Begin PBXBuildFile section */
		1640CE2C2852F5D500F2728A /* BrightCoveUIView.swift in Sources */ = {isa = PBXBuildFile; fileRef = 1640CE2B2852F5D500F2728A /* BrightCoveUIView.swift */; };
		1640CE2E2852FA3500F2728A /* BrightCoveConstants.swift in Sources */ = {isa = PBXBuildFile; fileRef = 1640CE2D2852FA3500F2728A /* BrightCoveConstants.swift */; };
		16ACAA602852F3BB000210B2 /* VideoViewApp.swift in Sources */ = {isa = PBXBuildFile; fileRef = 16ACAA5F2852F3BB000210B2 /* VideoViewApp.swift */; };
		16ACAA622852F3BB000210B2 /* ContentView.swift in Sources */ = {isa = PBXBuildFile; fileRef = 16ACAA612852F3BB000210B2 /* ContentView.swift */; };
		16ACAA642852F3BD000210B2 /* Assets.xcassets in Resources */ = {isa = PBXBuildFile; fileRef = 16ACAA632852F3BD000210B2 /* Assets.xcassets */; };
		16ACAA672852F3BD000210B2 /* Preview Assets.xcassets in Resources */ = {isa = PBXBuildFile; fileRef = 16ACAA662852F3BD000210B2 /* Preview Assets.xcassets */; };
		5DD59202CB0AD052E34D2B58 /* Pods_VideoView.framework in Frameworks */ = {isa = PBXBuildFile; fileRef = 41BAEABBD71CC6F86547B2F7 /* Pods_VideoView.framework */; };
/* End PBXBuildFile section */

/* Begin PBXFileReference section */
		1640CE2B2852F5D500F2728A /* BrightCoveUIView.swift */ = {isa = PBXFileReference; lastKnownFileType = sourcecode.swift; path = BrightCoveUIView.swift; sourceTree = "<group>"; };
		1640CE2D2852FA3500F2728A /* BrightCoveConstants.swift */ = {isa = PBXFileReference; lastKnownFileType = sourcecode.swift; path = BrightCoveConstants.swift; sourceTree = "<group>"; };
		16ACAA5C2852F3BB000210B2 /* VideoView.app */ = {isa = PBXFileReference; explicitFileType = wrapper.application; includeInIndex = 0; path = VideoView.app; sourceTree = BUILT_PRODUCTS_DIR; };
		16ACAA5F2852F3BB000210B2 /* VideoViewApp.swift */ = {isa = PBXFileReference; lastKnownFileType = sourcecode.swift; path = VideoViewApp.swift; sourceTree = "<group>"; };
		16ACAA612852F3BB000210B2 /* ContentView.swift */ = {isa = PBXFileReference; lastKnownFileType = sourcecode.swift; path = ContentView.swift; sourceTree = "<group>"; };
		16ACAA632852F3BD000210B2 /* Assets.xcassets */ = {isa = PBXFileReference; lastKnownFileType = folder.assetcatalog; path = Assets.xcassets; sourceTree = "<group>"; };
		16ACAA662852F3BD000210B2 /* Preview Assets.xcassets */ = {isa = PBXFileReference; lastKnownFileType = folder.assetcatalog; path = "Preview Assets.xcassets"; sourceTree = "<group>"; };
		41BAEABBD71CC6F86547B2F7 /* Pods_VideoView.framework */ = {isa = PBXFileReference; explicitFileType = wrapper.framework; includeInIndex = 0; path = Pods_VideoView.framework; sourceTree = BUILT_PRODUCTS_DIR; };
		8896797C9854DCBCBD96E12D /* Pods-VideoView.debug.xcconfig */ = {isa = PBXFileReference; includeInIndex = 1; lastKnownFileType = text.xcconfig; name = "Pods-VideoView.debug.xcconfig"; path = "Target Support Files/Pods-VideoView/Pods-VideoView.debug.xcconfig"; sourceTree = "<group>"; };
		96BF997C541927068BD440B6 /* Pods-VideoView.release.xcconfig */ = {isa = PBXFileReference; includeInIndex = 1; lastKnownFileType = text.xcconfig; name = "Pods-VideoView.release.xcconfig"; path = "Target Support Files/Pods-VideoView/Pods-VideoView.release.xcconfig"; sourceTree = "<group>"; };
/* End PBXFileReference section */

/* Begin PBXFrameworksBuildPhase section */
		16ACAA592852F3BB000210B2 /* Frameworks */ = {
			isa = PBXFrameworksBuildPhase;
			buildActionMask = 2147483647;
			files = (
				5DD59202CB0AD052E34D2B58 /* Pods_VideoView.framework in Frameworks */,
			);
			runOnlyForDeploymentPostprocessing = 0;
		};
/* End PBXFrameworksBuildPhase section */

/* Begin PBXGroup section */
		1640CE2A2852F5C200F2728A /* BrightCoveCustom */ = {
			isa = PBXGroup;
			children = (
				1640CE2B2852F5D500F2728A /* BrightCoveUIView.swift */,
				1640CE2D2852FA3500F2728A /* BrightCoveConstants.swift */,
			);
			path = BrightCoveCustom;
			sourceTree = "<group>";
		};
		16ACAA532852F3BB000210B2 = {
			isa = PBXGroup;
			children = (
				16ACAA5E2852F3BB000210B2 /* VideoView */,
				16ACAA5D2852F3BB000210B2 /* Products */,
				5D6A20DDDF074E74B379F5EF /* Pods */,
				ECD9BBA778E81504C0009492 /* Frameworks */,
			);
			sourceTree = "<group>";
		};
		16ACAA5D2852F3BB000210B2 /* Products */ = {
			isa = PBXGroup;
			children = (
				16ACAA5C2852F3BB000210B2 /* VideoView.app */,
			);
			name = Products;
			sourceTree = "<group>";
		};
		16ACAA5E2852F3BB000210B2 /* VideoView */ = {
			isa = PBXGroup;
			children = (
				1640CE2A2852F5C200F2728A /* BrightCoveCustom */,
				16ACAA5F2852F3BB000210B2 /* VideoViewApp.swift */,
				16ACAA612852F3BB000210B2 /* ContentView.swift */,
				16ACAA632852F3BD000210B2 /* Assets.xcassets */,
				16ACAA652852F3BD000210B2 /* Preview Content */,
			);
			path = VideoView;
			sourceTree = "<group>";
		};
		16ACAA652852F3BD000210B2 /* Preview Content */ = {
			isa = PBXGroup;
			children = (
				16ACAA662852F3BD000210B2 /* Preview Assets.xcassets */,
			);
			path = "Preview Content";
			sourceTree = "<group>";
		};
		5D6A20DDDF074E74B379F5EF /* Pods */ = {
			isa = PBXGroup;
			children = (
				8896797C9854DCBCBD96E12D /* Pods-VideoView.debug.xcconfig */,
				96BF997C541927068BD440B6 /* Pods-VideoView.release.xcconfig */,
			);
			path = Pods;
			sourceTree = "<group>";
		};
		ECD9BBA778E81504C0009492 /* Frameworks */ = {
			isa = PBXGroup;
			children = (
				41BAEABBD71CC6F86547B2F7 /* Pods_VideoView.framework */,
			);
			name = Frameworks;
			sourceTree = "<group>";
		};
/* End PBXGroup section */

/* Begin PBXNativeTarget section */
		16ACAA5B2852F3BB000210B2 /* VideoView */ = {
			isa = PBXNativeTarget;
			buildConfigurationList = 16ACAA6A2852F3BD000210B2 /* Build configuration list for PBXNativeTarget "VideoView" */;
			buildPhases = (
				5E8F47AD55183CC83E52F2C4 /* [CP] Check Pods Manifest.lock */,
				16ACAA582852F3BB000210B2 /* Sources */,
				16ACAA592852F3BB000210B2 /* Frameworks */,
				16ACAA5A2852F3BB000210B2 /* Resources */,
				0CF65F3C872087F8558367D8 /* [CP] Embed Pods Frameworks */,
				DAC420BD93A3A10944A895A8 /* [CP] Copy Pods Resources */,
				1640CE2F2853010400F2728A /* SwiftLint */,
			);
			buildRules = (
			);
			dependencies = (
			);
			name = VideoView;
			productName = VideoView;
			productReference = 16ACAA5C2852F3BB000210B2 /* VideoView.app */;
			productType = "com.apple.product-type.application";
		};
/* End PBXNativeTarget section */

/* Begin PBXProject section */
		16ACAA542852F3BB000210B2 /* Project object */ = {
			isa = PBXProject;
			attributes = {
				BuildIndependentTargetsInParallel = 1;
				LastSwiftUpdateCheck = 1320;
				LastUpgradeCheck = 1320;
				TargetAttributes = {
					16ACAA5B2852F3BB000210B2 = {
						CreatedOnToolsVersion = 13.2;
					};
				};
			};
			buildConfigurationList = 16ACAA572852F3BB000210B2 /* Build configuration list for PBXProject "VideoView" */;
			compatibilityVersion = "Xcode 13.0";
			developmentRegion = en;
			hasScannedForEncodings = 0;
			knownRegions = (
				en,
				Base,
			);
			mainGroup = 16ACAA532852F3BB000210B2;
			productRefGroup = 16ACAA5D2852F3BB000210B2 /* Products */;
			projectDirPath = "";
			projectRoot = "";
			targets = (
				16ACAA5B2852F3BB000210B2 /* VideoView */,
			);
		};
/* End PBXProject section */

/* Begin PBXResourcesBuildPhase section */
		16ACAA5A2852F3BB000210B2 /* Resources */ = {
			isa = PBXResourcesBuildPhase;
			buildActionMask = 2147483647;
			files = (
				16ACAA672852F3BD000210B2 /* Preview Assets.xcassets in Resources */,
				16ACAA642852F3BD000210B2 /* Assets.xcassets in Resources */,
			);
			runOnlyForDeploymentPostprocessing = 0;
		};
/* End PBXResourcesBuildPhase section */

/* Begin PBXShellScriptBuildPhase section */
		0CF65F3C872087F8558367D8 /* [CP] Embed Pods Frameworks */ = {
			isa = PBXShellScriptBuildPhase;
			buildActionMask = 2147483647;
			files = (
			);
			inputFileListPaths = (
				"${PODS_ROOT}/Target Support Files/Pods-VideoView/Pods-VideoView-frameworks-${CONFIGURATION}-input-files.xcfilelist",
			);
			name = "[CP] Embed Pods Frameworks";
			outputFileListPaths = (
				"${PODS_ROOT}/Target Support Files/Pods-VideoView/Pods-VideoView-frameworks-${CONFIGURATION}-output-files.xcfilelist",
			);
			runOnlyForDeploymentPostprocessing = 0;
			shellPath = /bin/sh;
			shellScript = "\"${PODS_ROOT}/Target Support Files/Pods-VideoView/Pods-VideoView-frameworks.sh\"\n";
			showEnvVarsInLog = 0;
		};
		1640CE2F2853010400F2728A /* SwiftLint */ = {
			isa = PBXShellScriptBuildPhase;
			buildActionMask = 2147483647;
			files = (
			);
			inputFileListPaths = (
			);
			inputPaths = (
			);
			name = SwiftLint;
			outputFileListPaths = (
			);
			outputPaths = (
			);
			runOnlyForDeploymentPostprocessing = 0;
			shellPath = /bin/sh;
			shellScript = "if which swiftlint >/dev/null; then\n  swiftlint\nelse\n  echo \"warning: SwiftLint not installed, download from https://github.com/realm/SwiftLint\"\nfi\n";
		};
		5E8F47AD55183CC83E52F2C4 /* [CP] Check Pods Manifest.lock */ = {
			isa = PBXShellScriptBuildPhase;
			buildActionMask = 2147483647;
			files = (
			);
			inputFileListPaths = (
			);
			inputPaths = (
				"${PODS_PODFILE_DIR_PATH}/Podfile.lock",
				"${PODS_ROOT}/Manifest.lock",
			);
			name = "[CP] Check Pods Manifest.lock";
			outputFileListPaths = (
			);
			outputPaths = (
				"$(DERIVED_FILE_DIR)/Pods-VideoView-checkManifestLockResult.txt",
			);
			runOnlyForDeploymentPostprocessing = 0;
			shellPath = /bin/sh;
			shellScript = "diff \"${PODS_PODFILE_DIR_PATH}/Podfile.lock\" \"${PODS_ROOT}/Manifest.lock\" > /dev/null\nif [ $? != 0 ] ; then\n    # print error to STDERR\n    echo \"error: The sandbox is not in sync with the Podfile.lock. Run 'pod install' or update your CocoaPods installation.\" >&2\n    exit 1\nfi\n# This output is used by Xcode 'outputs' to avoid re-running this script phase.\necho \"SUCCESS\" > \"${SCRIPT_OUTPUT_FILE_0}\"\n";
			showEnvVarsInLog = 0;
		};
		DAC420BD93A3A10944A895A8 /* [CP] Copy Pods Resources */ = {
			isa = PBXShellScriptBuildPhase;
			buildActionMask = 2147483647;
			files = (
			);
			inputFileListPaths = (
				"${PODS_ROOT}/Target Support Files/Pods-VideoView/Pods-VideoView-resources-${CONFIGURATION}-input-files.xcfilelist",
			);
			name = "[CP] Copy Pods Resources";
			outputFileListPaths = (
				"${PODS_ROOT}/Target Support Files/Pods-VideoView/Pods-VideoView-resources-${CONFIGURATION}-output-files.xcfilelist",
			);
			runOnlyForDeploymentPostprocessing = 0;
			shellPath = /bin/sh;
			shellScript = "\"${PODS_ROOT}/Target Support Files/Pods-VideoView/Pods-VideoView-resources.sh\"\n";
			showEnvVarsInLog = 0;
		};
/* End PBXShellScriptBuildPhase section */

/* Begin PBXSourcesBuildPhase section */
		16ACAA582852F3BB000210B2 /* Sources */ = {
			isa = PBXSourcesBuildPhase;
			buildActionMask = 2147483647;
			files = (
				16ACAA622852F3BB000210B2 /* ContentView.swift in Sources */,
				1640CE2C2852F5D500F2728A /* BrightCoveUIView.swift in Sources */,
				1640CE2E2852FA3500F2728A /* BrightCoveConstants.swift in Sources */,
				16ACAA602852F3BB000210B2 /* VideoViewApp.swift in Sources */,
			);
			runOnlyForDeploymentPostprocessing = 0;
		};
/* End PBXSourcesBuildPhase section */

/* Begin XCBuildConfiguration section */
		16ACAA682852F3BD000210B2 /* Debug */ = {
			isa = XCBuildConfiguration;
			buildSettings = {
				ALWAYS_SEARCH_USER_PATHS = NO;
				CLANG_ANALYZER_NONNULL = YES;
				CLANG_ANALYZER_NUMBER_OBJECT_CONVERSION = YES_AGGRESSIVE;
				CLANG_CXX_LANGUAGE_STANDARD = "gnu++17";
				CLANG_CXX_LIBRARY = "libc++";
				CLANG_ENABLE_MODULES = YES;
				CLANG_ENABLE_OBJC_ARC = YES;
				CLANG_ENABLE_OBJC_WEAK = YES;
				CLANG_WARN_BLOCK_CAPTURE_AUTORELEASING = YES;
				CLANG_WARN_BOOL_CONVERSION = YES;
				CLANG_WARN_COMMA = YES;
				CLANG_WARN_CONSTANT_CONVERSION = YES;
				CLANG_WARN_DEPRECATED_OBJC_IMPLEMENTATIONS = YES;
				CLANG_WARN_DIRECT_OBJC_ISA_USAGE = YES_ERROR;
				CLANG_WARN_DOCUMENTATION_COMMENTS = YES;
				CLANG_WARN_EMPTY_BODY = YES;
				CLANG_WARN_ENUM_CONVERSION = YES;
				CLANG_WARN_INFINITE_RECURSION = YES;
				CLANG_WARN_INT_CONVERSION = YES;
				CLANG_WARN_NON_LITERAL_NULL_CONVERSION = YES;
				CLANG_WARN_OBJC_IMPLICIT_RETAIN_SELF = YES;
				CLANG_WARN_OBJC_LITERAL_CONVERSION = YES;
				CLANG_WARN_OBJC_ROOT_CLASS = YES_ERROR;
				CLANG_WARN_QUOTED_INCLUDE_IN_FRAMEWORK_HEADER = YES;
				CLANG_WARN_RANGE_LOOP_ANALYSIS = YES;
				CLANG_WARN_STRICT_PROTOTYPES = YES;
				CLANG_WARN_SUSPICIOUS_MOVE = YES;
				CLANG_WARN_UNGUARDED_AVAILABILITY = YES_AGGRESSIVE;
				CLANG_WARN_UNREACHABLE_CODE = YES;
				CLANG_WARN__DUPLICATE_METHOD_MATCH = YES;
				COPY_PHASE_STRIP = NO;
				DEBUG_INFORMATION_FORMAT = dwarf;
				ENABLE_STRICT_OBJC_MSGSEND = YES;
				ENABLE_TESTABILITY = YES;
				GCC_C_LANGUAGE_STANDARD = gnu11;
				GCC_DYNAMIC_NO_PIC = NO;
				GCC_NO_COMMON_BLOCKS = YES;
				GCC_OPTIMIZATION_LEVEL = 0;
				GCC_PREPROCESSOR_DEFINITIONS = (
					"DEBUG=1",
					"$(inherited)",
				);
				GCC_WARN_64_TO_32_BIT_CONVERSION = YES;
				GCC_WARN_ABOUT_RETURN_TYPE = YES_ERROR;
				GCC_WARN_UNDECLARED_SELECTOR = YES;
				GCC_WARN_UNINITIALIZED_AUTOS = YES_AGGRESSIVE;
				GCC_WARN_UNUSED_FUNCTION = YES;
				GCC_WARN_UNUSED_VARIABLE = YES;
				IPHONEOS_DEPLOYMENT_TARGET = 15.2;
				MTL_ENABLE_DEBUG_INFO = INCLUDE_SOURCE;
				MTL_FAST_MATH = YES;
				ONLY_ACTIVE_ARCH = YES;
				SDKROOT = iphoneos;
				SWIFT_ACTIVE_COMPILATION_CONDITIONS = DEBUG;
				SWIFT_OPTIMIZATION_LEVEL = "-Onone";
			};
			name = Debug;
		};
		16ACAA692852F3BD000210B2 /* Release */ = {
			isa = XCBuildConfiguration;
			buildSettings = {
				ALWAYS_SEARCH_USER_PATHS = NO;
				CLANG_ANALYZER_NONNULL = YES;
				CLANG_ANALYZER_NUMBER_OBJECT_CONVERSION = YES_AGGRESSIVE;
				CLANG_CXX_LANGUAGE_STANDARD = "gnu++17";
				CLANG_CXX_LIBRARY = "libc++";
				CLANG_ENABLE_MODULES = YES;
				CLANG_ENABLE_OBJC_ARC = YES;
				CLANG_ENABLE_OBJC_WEAK = YES;
				CLANG_WARN_BLOCK_CAPTURE_AUTORELEASING = YES;
				CLANG_WARN_BOOL_CONVERSION = YES;
				CLANG_WARN_COMMA = YES;
				CLANG_WARN_CONSTANT_CONVERSION = YES;
				CLANG_WARN_DEPRECATED_OBJC_IMPLEMENTATIONS = YES;
				CLANG_WARN_DIRECT_OBJC_ISA_USAGE = YES_ERROR;
				CLANG_WARN_DOCUMENTATION_COMMENTS = YES;
				CLANG_WARN_EMPTY_BODY = YES;
				CLANG_WARN_ENUM_CONVERSION = YES;
				CLANG_WARN_INFINITE_RECURSION = YES;
				CLANG_WARN_INT_CONVERSION = YES;
				CLANG_WARN_NON_LITERAL_NULL_CONVERSION = YES;
				CLANG_WARN_OBJC_IMPLICIT_RETAIN_SELF = YES;
				CLANG_WARN_OBJC_LITERAL_CONVERSION = YES;
				CLANG_WARN_OBJC_ROOT_CLASS = YES_ERROR;
				CLANG_WARN_QUOTED_INCLUDE_IN_FRAMEWORK_HEADER = YES;
				CLANG_WARN_RANGE_LOOP_ANALYSIS = YES;
				CLANG_WARN_STRICT_PROTOTYPES = YES;
				CLANG_WARN_SUSPICIOUS_MOVE = YES;
				CLANG_WARN_UNGUARDED_AVAILABILITY = YES_AGGRESSIVE;
				CLANG_WARN_UNREACHABLE_CODE = YES;
				CLANG_WARN__DUPLICATE_METHOD_MATCH = YES;
				COPY_PHASE_STRIP = NO;
				DEBUG_INFORMATION_FORMAT = "dwarf-with-dsym";
				ENABLE_NS_ASSERTIONS = NO;
				ENABLE_STRICT_OBJC_MSGSEND = YES;
				GCC_C_LANGUAGE_STANDARD = gnu11;
				GCC_NO_COMMON_BLOCKS = YES;
				GCC_WARN_64_TO_32_BIT_CONVERSION = YES;
				GCC_WARN_ABOUT_RETURN_TYPE = YES_ERROR;
				GCC_WARN_UNDECLARED_SELECTOR = YES;
				GCC_WARN_UNINITIALIZED_AUTOS = YES_AGGRESSIVE;
				GCC_WARN_UNUSED_FUNCTION = YES;
				GCC_WARN_UNUSED_VARIABLE = YES;
				IPHONEOS_DEPLOYMENT_TARGET = 15.2;
				MTL_ENABLE_DEBUG_INFO = NO;
				MTL_FAST_MATH = YES;
				SDKROOT = iphoneos;
				SWIFT_COMPILATION_MODE = wholemodule;
				SWIFT_OPTIMIZATION_LEVEL = "-O";
				VALIDATE_PRODUCT = YES;
			};
			name = Release;
		};
		16ACAA6B2852F3BD000210B2 /* Debug */ = {
			isa = XCBuildConfiguration;
			baseConfigurationReference = 8896797C9854DCBCBD96E12D /* Pods-VideoView.debug.xcconfig */;
			buildSettings = {
				ASSETCATALOG_COMPILER_APPICON_NAME = AppIcon;
				ASSETCATALOG_COMPILER_GLOBAL_ACCENT_COLOR_NAME = AccentColor;
				CODE_SIGN_STYLE = Automatic;
				CURRENT_PROJECT_VERSION = 1;
				DEVELOPMENT_ASSET_PATHS = "\"VideoView/Preview Content\"";
				DEVELOPMENT_TEAM = AP58YLHQ2S;
				ENABLE_PREVIEWS = YES;
				GENERATE_INFOPLIST_FILE = YES;
				INFOPLIST_KEY_UIApplicationSceneManifest_Generation = YES;
				INFOPLIST_KEY_UIApplicationSupportsIndirectInputEvents = YES;
				INFOPLIST_KEY_UILaunchScreen_Generation = YES;
				INFOPLIST_KEY_UISupportedInterfaceOrientations_iPad = "UIInterfaceOrientationPortrait UIInterfaceOrientationPortraitUpsideDown UIInterfaceOrientationLandscapeLeft UIInterfaceOrientationLandscapeRight";
				INFOPLIST_KEY_UISupportedInterfaceOrientations_iPhone = "UIInterfaceOrientationPortrait UIInterfaceOrientationLandscapeLeft UIInterfaceOrientationLandscapeRight";
				LD_RUNPATH_SEARCH_PATHS = (
					"$(inherited)",
					"@executable_path/Frameworks",
				);
				MARKETING_VERSION = 1.0;
				PRODUCT_BUNDLE_IDENTIFIER = com.tl.brightCove.VideoView;
				PRODUCT_NAME = "$(TARGET_NAME)";
				SWIFT_EMIT_LOC_STRINGS = YES;
				SWIFT_VERSION = 5.0;
				TARGETED_DEVICE_FAMILY = "1,2";
			};
			name = Debug;
		};
		16ACAA6C2852F3BD000210B2 /* Release */ = {
			isa = XCBuildConfiguration;
			baseConfigurationReference = 96BF997C541927068BD440B6 /* Pods-VideoView.release.xcconfig */;
			buildSettings = {
				ASSETCATALOG_COMPILER_APPICON_NAME = AppIcon;
				ASSETCATALOG_COMPILER_GLOBAL_ACCENT_COLOR_NAME = AccentColor;
				CODE_SIGN_STYLE = Automatic;
				CURRENT_PROJECT_VERSION = 1;
				DEVELOPMENT_ASSET_PATHS = "\"VideoView/Preview Content\"";
				DEVELOPMENT_TEAM = AP58YLHQ2S;
				ENABLE_PREVIEWS = YES;
				GENERATE_INFOPLIST_FILE = YES;
				INFOPLIST_KEY_UIApplicationSceneManifest_Generation = YES;
				INFOPLIST_KEY_UIApplicationSupportsIndirectInputEvents = YES;
				INFOPLIST_KEY_UILaunchScreen_Generation = YES;
				INFOPLIST_KEY_UISupportedInterfaceOrientations_iPad = "UIInterfaceOrientationPortrait UIInterfaceOrientationPortraitUpsideDown UIInterfaceOrientationLandscapeLeft UIInterfaceOrientationLandscapeRight";
				INFOPLIST_KEY_UISupportedInterfaceOrientations_iPhone = "UIInterfaceOrientationPortrait UIInterfaceOrientationLandscapeLeft UIInterfaceOrientationLandscapeRight";
				LD_RUNPATH_SEARCH_PATHS = (
					"$(inherited)",
					"@executable_path/Frameworks",
				);
				MARKETING_VERSION = 1.0;
				PRODUCT_BUNDLE_IDENTIFIER = com.tl.brightCove.VideoView;
				PRODUCT_NAME = "$(TARGET_NAME)";
				SWIFT_EMIT_LOC_STRINGS = YES;
				SWIFT_VERSION = 5.0;
				TARGETED_DEVICE_FAMILY = "1,2";
			};
			name = Release;
		};
/* End XCBuildConfiguration section */

/* Begin XCConfigurationList section */
		16ACAA572852F3BB000210B2 /* Build configuration list for PBXProject "VideoView" */ = {
			isa = XCConfigurationList;
			buildConfigurations = (
				16ACAA682852F3BD000210B2 /* Debug */,
				16ACAA692852F3BD000210B2 /* Release */,
			);
			defaultConfigurationIsVisible = 0;
			defaultConfigurationName = Release;
		};
		16ACAA6A2852F3BD000210B2 /* Build configuration list for PBXNativeTarget "VideoView" */ = {
			isa = XCConfigurationList;
			buildConfigurations = (
				16ACAA6B2852F3BD000210B2 /* Debug */,
				16ACAA6C2852F3BD000210B2 /* Release */,
			);
			defaultConfigurationIsVisible = 0;
			defaultConfigurationName = Release;
		};
/* End XCConfigurationList section */
	};
	rootObject = 16ACAA542852F3BB000210B2 /* Project object */;
}
